
Microsoft Visual Studio Solution File, Format Version 12.00
# Visual Studio Version 16
VisualStudioVersion = 16.0.30001.183
MinimumVisualStudioVersion = 10.0.40219.1
Project("{FAE04EC0-301F-11D3-BF4B-00C04F79EFBC}") = "FoldingAtHome.Sample", "FoldingAtHome.Sample.csproj", "{8224DF25-4EB3-4B29-B30D-D4A591A35C73}"
EndProject
Global
	GlobalSection(SolutionConfigurationPlatforms) = preSolution
		Debug|Any CPU = Debug|Any CPU
		Release|Any CPU = Release|Any CPU
	EndGlobalSection
	GlobalSection(ProjectConfigurationPlatforms) = postSolution
		{8224DF25-4EB3-4B29-B30D-D4A591A35C73}.Debug|Any CPU.ActiveCfg = Debug|Any CPU
		{8224DF25-4EB3-4B29-B30D-D4A591A35C73}.Debug|Any CPU.Build.0 = Debug|Any CPU
		{8224DF25-4EB3-4B29-B30D-D4A591A35C73}.Release|Any CPU.ActiveCfg = Release|Any CPU
		{8224DF25-4EB3-4B29-B30D-D4A591A35C73}.Release|Any CPU.Build.0 = Release|Any CPU
	EndGlobalSection
	GlobalSection(SolutionProperties) = preSolution
		HideSolutionNode = FALSE
	EndGlobalSection
	GlobalSection(ExtensibilityGlobals) = postSolution
		SolutionGuid = {B2F8967C-159F-4EF0-9B4B-3CE10F4C7056}
	EndGlobalSection
EndGlobal
