
Microsoft Visual Studio Solution File, Format Version 12.00
# Visual Studio Version 16
VisualStudioVersion = 16.0.30001.183
MinimumVisualStudioVersion = 10.0.40219.1
Project("{FAE04EC0-301F-11D3-BF4B-00C04F79EFBC}") = "FoldingAtHome", "FoldingAtHome\FoldingAtHome.csproj", "{1112A9B5-8AC7-4366-A1F1-FDCB9459CA49}"
EndProject
Project("{FAE04EC0-301F-11D3-BF4B-00C04F79EFBC}") = "FoldingAtHome.Test", "FoldingAtHome.Test\FoldingAtHome.Test.csproj", "{2C5FFA8C-4033-43B4-B956-BC8704E2CA23}"
EndProject
Global
	GlobalSection(SolutionConfigurationPlatforms) = preSolution
		Debug|Any CPU = Debug|Any CPU
		Release|Any CPU = Release|Any CPU
	EndGlobalSection
	GlobalSection(ProjectConfigurationPlatforms) = postSolution
		{1112A9B5-8AC7-4366-A1F1-FDCB9459CA49}.Debug|Any CPU.ActiveCfg = Debug|Any CPU
		{1112A9B5-8AC7-4366-A1F1-FDCB9459CA49}.Debug|Any CPU.Build.0 = Debug|Any CPU
		{1112A9B5-8AC7-4366-A1F1-FDCB9459CA49}.Release|Any CPU.ActiveCfg = Release|Any CPU
		{1112A9B5-8AC7-4366-A1F1-FDCB9459CA49}.Release|Any CPU.Build.0 = Release|Any CPU
		{2C5FFA8C-4033-43B4-B956-BC8704E2CA23}.Debug|Any CPU.ActiveCfg = Debug|Any CPU
		{2C5FFA8C-4033-43B4-B956-BC8704E2CA23}.Debug|Any CPU.Build.0 = Debug|Any CPU
		{2C5FFA8C-4033-43B4-B956-BC8704E2CA23}.Release|Any CPU.ActiveCfg = Release|Any CPU
		{2C5FFA8C-4033-43B4-B956-BC8704E2CA23}.Release|Any CPU.Build.0 = Release|Any CPU
	EndGlobalSection
	GlobalSection(SolutionProperties) = preSolution
		HideSolutionNode = FALSE
	EndGlobalSection
	GlobalSection(ExtensibilityGlobals) = postSolution
		SolutionGuid = {1C4EFEAF-4CCE-44C5-8B6B-E095032F13BC}
	EndGlobalSection
EndGlobal
