
Microsoft Visual Studio Solution File, Format Version 12.00
# Visual Studio Version 16
VisualStudioVersion = 16.0.30011.22
MinimumVisualStudioVersion = 10.0.40219.1
Project("{FAE04EC0-301F-11D3-BF4B-00C04F79EFBC}") = "FAHChatBot", "FAHChatBot.csproj", "{DBDEE639-3196-434C-8589-8A9A07B167DC}"
EndProject
Global
	GlobalSection(SolutionConfigurationPlatforms) = preSolution
		Debug|Any CPU = Debug|Any CPU
		Release|Any CPU = Release|Any CPU
	EndGlobalSection
	GlobalSection(ProjectConfigurationPlatforms) = postSolution
		{DBDEE639-3196-434C-8589-8A9A07B167DC}.Debug|Any CPU.ActiveCfg = Debug|Any CPU
		{DBDEE639-3196-434C-8589-8A9A07B167DC}.Debug|Any CPU.Build.0 = Debug|Any CPU
		{DBDEE639-3196-434C-8589-8A9A07B167DC}.Release|Any CPU.ActiveCfg = Release|Any CPU
		{DBDEE639-3196-434C-8589-8A9A07B167DC}.Release|Any CPU.Build.0 = Release|Any CPU
	EndGlobalSection
	GlobalSection(SolutionProperties) = preSolution
		HideSolutionNode = FALSE
	EndGlobalSection
	GlobalSection(ExtensibilityGlobals) = postSolution
		SolutionGuid = {98DAAC95-1E19-42FD-8760-34E72E023804}
	EndGlobalSection
EndGlobal
